
Microsoft Visual Studio Solution File, Format Version 12.00
# Visual Studio Version 16
VisualStudioVersion = 16.0.30011.22
MinimumVisualStudioVersion = 10.0.40219.1
Project("{FAE04EC0-301F-11D3-BF4B-00C04F79EFBC}") = "TI4_Random_Map_Generator", "TI4_Random_Map_Generator\TI4_Random_Map_Generator.csproj", "{065D4C4B-13CB-4F8B-A705-363F4A527E28}"
EndProject
Global
	GlobalSection(SolutionConfigurationPlatforms) = preSolution
		Debug|Any CPU = Debug|Any CPU
		Release|Any CPU = Release|Any CPU
	EndGlobalSection
	GlobalSection(ProjectConfigurationPlatforms) = postSolution
		{065D4C4B-13CB-4F8B-A705-363F4A527E28}.Debug|Any CPU.ActiveCfg = Debug|Any CPU
		{065D4C4B-13CB-4F8B-A705-363F4A527E28}.Debug|Any CPU.Build.0 = Debug|Any CPU
		{065D4C4B-13CB-4F8B-A705-363F4A527E28}.Release|Any CPU.ActiveCfg = Release|Any CPU
		{065D4C4B-13CB-4F8B-A705-363F4A527E28}.Release|Any CPU.Build.0 = Release|Any CPU
	EndGlobalSection
	GlobalSection(SolutionProperties) = preSolution
		HideSolutionNode = FALSE
	EndGlobalSection
	GlobalSection(ExtensibilityGlobals) = postSolution
		SolutionGuid = {261EC197-67AE-4478-A4F7-59A16C619C65}
	EndGlobalSection
EndGlobal
